// !$*UTF8*$!
{
	archiveVersion = 1;
	classes = {
	};
	objectVersion = 50;
	objects = {

/* Begin PBXBuildFile section */
		8EF41FBD23AA26E700E1E722 /* AppDelegate.swift in Sources */ = {isa = PBXBuildFile; fileRef = 8EF41FBC23AA26E700E1E722 /* AppDelegate.swift */; };
		8EF41FBF23AA26E700E1E722 /* SceneDelegate.swift in Sources */ = {isa = PBXBuildFile; fileRef = 8EF41FBE23AA26E700E1E722 /* SceneDelegate.swift */; };
		8EF41FC123AA26E700E1E722 /* MainVC.swift in Sources */ = {isa = PBXBuildFile; fileRef = 8EF41FC023AA26E700E1E722 /* MainVC.swift */; };
		8EF41FC423AA26E700E1E722 /* Main.storyboard in Resources */ = {isa = PBXBuildFile; fileRef = 8EF41FC223AA26E700E1E722 /* Main.storyboard */; };
		8EF41FC723AA26E700E1E722 /* BeatBox.xcdatamodeld in Sources */ = {isa = PBXBuildFile; fileRef = 8EF41FC523AA26E700E1E722 /* BeatBox.xcdatamodeld */; };
		8EF41FC923AA26EA00E1E722 /* Assets.xcassets in Resources */ = {isa = PBXBuildFile; fileRef = 8EF41FC823AA26EA00E1E722 /* Assets.xcassets */; };
		8EF41FCC23AA26EA00E1E722 /* LaunchScreen.storyboard in Resources */ = {isa = PBXBuildFile; fileRef = 8EF41FCA23AA26EA00E1E722 /* LaunchScreen.storyboard */; };
		8EF41FD723AA26EA00E1E722 /* BeatBoxTests.swift in Sources */ = {isa = PBXBuildFile; fileRef = 8EF41FD623AA26EA00E1E722 /* BeatBoxTests.swift */; };
		8EF41FE223AA26EA00E1E722 /* BeatBoxUITests.swift in Sources */ = {isa = PBXBuildFile; fileRef = 8EF41FE123AA26EA00E1E722 /* BeatBoxUITests.swift */; };
/* End PBXBuildFile section */

/* Begin PBXContainerItemProxy section */
		8EF41FD323AA26EA00E1E722 /* PBXContainerItemProxy */ = {
			isa = PBXContainerItemProxy;
			containerPortal = 8EF41FB123AA26E700E1E722 /* Project object */;
			proxyType = 1;
			remoteGlobalIDString = 8EF41FB823AA26E700E1E722;
			remoteInfo = BeatBox;
		};
		8EF41FDE23AA26EA00E1E722 /* PBXContainerItemProxy */ = {
			isa = PBXContainerItemProxy;
			containerPortal = 8EF41FB123AA26E700E1E722 /* Project object */;
			proxyType = 1;
			remoteGlobalIDString = 8EF41FB823AA26E700E1E722;
			remoteInfo = BeatBox;
		};
/* End PBXContainerItemProxy section */

/* Begin PBXFileReference section */
		8EF41FB923AA26E700E1E722 /* BeatBox.app */ = {isa = PBXFileReference; explicitFileType = wrapper.application; includeInIndex = 0; path = BeatBox.app; sourceTree = BUILT_PRODUCTS_DIR; };
		8EF41FBC23AA26E700E1E722 /* AppDelegate.swift */ = {isa = PBXFileReference; lastKnownFileType = sourcecode.swift; path = AppDelegate.swift; sourceTree = "<group>"; };
		8EF41FBE23AA26E700E1E722 /* SceneDelegate.swift */ = {isa = PBXFileReference; lastKnownFileType = sourcecode.swift; path = SceneDelegate.swift; sourceTree = "<group>"; };
		8EF41FC023AA26E700E1E722 /* MainVC.swift */ = {isa = PBXFileReference; lastKnownFileType = sourcecode.swift; path = MainVC.swift; sourceTree = "<group>"; };
		8EF41FC323AA26E700E1E722 /* Base */ = {isa = PBXFileReference; lastKnownFileType = file.storyboard; name = Base; path = Base.lproj/Main.storyboard; sourceTree = "<group>"; };
		8EF41FC623AA26E700E1E722 /* BeatBox.xcdatamodel */ = {isa = PBXFileReference; lastKnownFileType = wrapper.xcdatamodel; path = BeatBox.xcdatamodel; sourceTree = "<group>"; };
		8EF41FC823AA26EA00E1E722 /* Assets.xcassets */ = {isa = PBXFileReference; lastKnownFileType = folder.assetcatalog; path = Assets.xcassets; sourceTree = "<group>"; };
		8EF41FCB23AA26EA00E1E722 /* Base */ = {isa = PBXFileReference; lastKnownFileType = file.storyboard; name = Base; path = Base.lproj/LaunchScreen.storyboard; sourceTree = "<group>"; };
		8EF41FCD23AA26EA00E1E722 /* Info.plist */ = {isa = PBXFileReference; lastKnownFileType = text.plist.xml; path = Info.plist; sourceTree = "<group>"; };
		8EF41FD223AA26EA00E1E722 /* BeatBoxTests.xctest */ = {isa = PBXFileReference; explicitFileType = wrapper.cfbundle; includeInIndex = 0; path = BeatBoxTests.xctest; sourceTree = BUILT_PRODUCTS_DIR; };
		8EF41FD623AA26EA00E1E722 /* BeatBoxTests.swift */ = {isa = PBXFileReference; lastKnownFileType = sourcecode.swift; path = BeatBoxTests.swift; sourceTree = "<group>"; };
		8EF41FD823AA26EA00E1E722 /* Info.plist */ = {isa = PBXFileReference; lastKnownFileType = text.plist.xml; path = Info.plist; sourceTree = "<group>"; };
		8EF41FDD23AA26EA00E1E722 /* BeatBoxUITests.xctest */ = {isa = PBXFileReference; explicitFileType = wrapper.cfbundle; includeInIndex = 0; path = BeatBoxUITests.xctest; sourceTree = BUILT_PRODUCTS_DIR; };
		8EF41FE123AA26EA00E1E722 /* BeatBoxUITests.swift */ = {isa = PBXFileReference; lastKnownFileType = sourcecode.swift; path = BeatBoxUITests.swift; sourceTree = "<group>"; };
		8EF41FE323AA26EA00E1E722 /* Info.plist */ = {isa = PBXFileReference; lastKnownFileType = text.plist.xml; path = Info.plist; sourceTree = "<group>"; };
/* End PBXFileReference section */

/* Begin PBXFrameworksBuildPhase section */
		8EF41FB623AA26E700E1E722 /* Frameworks */ = {
			isa = PBXFrameworksBuildPhase;
			buildActionMask = 2147483647;
			files = (
			);
			runOnlyForDeploymentPostprocessing = 0;
		};
		8EF41FCF23AA26EA00E1E722 /* Frameworks */ = {
			isa = PBXFrameworksBuildPhase;
			buildActionMask = 2147483647;
			files = (
			);
			runOnlyForDeploymentPostprocessing = 0;
		};
		8EF41FDA23AA26EA00E1E722 /* Frameworks */ = {
			isa = PBXFrameworksBuildPhase;
			buildActionMask = 2147483647;
			files = (
			);
			runOnlyForDeploymentPostprocessing = 0;
		};
/* End PBXFrameworksBuildPhase section */

/* Begin PBXGroup section */
		8EF41FB023AA26E700E1E722 = {
			isa = PBXGroup;
			children = (
				8EF41FBB23AA26E700E1E722 /* BeatBox */,
				8EF41FD523AA26EA00E1E722 /* BeatBoxTests */,
				8EF41FE023AA26EA00E1E722 /* BeatBoxUITests */,
				8EF41FBA23AA26E700E1E722 /* Products */,
			);
			sourceTree = "<group>";
		};
		8EF41FBA23AA26E700E1E722 /* Products */ = {
			isa = PBXGroup;
			children = (
				8EF41FB923AA26E700E1E722 /* BeatBox.app */,
				8EF41FD223AA26EA00E1E722 /* BeatBoxTests.xctest */,
				8EF41FDD23AA26EA00E1E722 /* BeatBoxUITests.xctest */,
			);
			name = Products;
			sourceTree = "<group>";
		};
		8EF41FBB23AA26E700E1E722 /* BeatBox */ = {
			isa = PBXGroup;
			children = (
				8EF41FC023AA26E700E1E722 /* MainVC.swift */,
				8EF41FC223AA26E700E1E722 /* Main.storyboard */,
				8EF41FC823AA26EA00E1E722 /* Assets.xcassets */,
				8EF41FCA23AA26EA00E1E722 /* LaunchScreen.storyboard */,
				8EF41FCD23AA26EA00E1E722 /* Info.plist */,
				8EF41FC523AA26E700E1E722 /* BeatBox.xcdatamodeld */,
				8EF41FBC23AA26E700E1E722 /* AppDelegate.swift */,
				8EF41FBE23AA26E700E1E722 /* SceneDelegate.swift */,
			);
			path = BeatBox;
			sourceTree = "<group>";
		};
		8EF41FD523AA26EA00E1E722 /* BeatBoxTests */ = {
			isa = PBXGroup;
			children = (
				8EF41FD623AA26EA00E1E722 /* BeatBoxTests.swift */,
				8EF41FD823AA26EA00E1E722 /* Info.plist */,
			);
			path = BeatBoxTests;
			sourceTree = "<group>";
		};
		8EF41FE023AA26EA00E1E722 /* BeatBoxUITests */ = {
			isa = PBXGroup;
			children = (
				8EF41FE123AA26EA00E1E722 /* BeatBoxUITests.swift */,
				8EF41FE323AA26EA00E1E722 /* Info.plist */,
			);
			path = BeatBoxUITests;
			sourceTree = "<group>";
		};
/* End PBXGroup section */

/* Begin PBXNativeTarget section */
		8EF41FB823AA26E700E1E722 /* BeatBox */ = {
			isa = PBXNativeTarget;
			buildConfigurationList = 8EF41FE623AA26EA00E1E722 /* Build configuration list for PBXNativeTarget "BeatBox" */;
			buildPhases = (
				8EF41FB523AA26E700E1E722 /* Sources */,
				8EF41FB623AA26E700E1E722 /* Frameworks */,
				8EF41FB723AA26E700E1E722 /* Resources */,
			);
			buildRules = (
			);
			dependencies = (
			);
			name = BeatBox;
			productName = BeatBox;
			productReference = 8EF41FB923AA26E700E1E722 /* BeatBox.app */;
			productType = "com.apple.product-type.application";
		};
		8EF41FD123AA26EA00E1E722 /* BeatBoxTests */ = {
			isa = PBXNativeTarget;
			buildConfigurationList = 8EF41FE923AA26EA00E1E722 /* Build configuration list for PBXNativeTarget "BeatBoxTests" */;
			buildPhases = (
				8EF41FCE23AA26EA00E1E722 /* Sources */,
				8EF41FCF23AA26EA00E1E722 /* Frameworks */,
				8EF41FD023AA26EA00E1E722 /* Resources */,
			);
			buildRules = (
			);
			dependencies = (
				8EF41FD423AA26EA00E1E722 /* PBXTargetDependency */,
			);
			name = BeatBoxTests;
			productName = BeatBoxTests;
			productReference = 8EF41FD223AA26EA00E1E722 /* BeatBoxTests.xctest */;
			productType = "com.apple.product-type.bundle.unit-test";
		};
		8EF41FDC23AA26EA00E1E722 /* BeatBoxUITests */ = {
			isa = PBXNativeTarget;
			buildConfigurationList = 8EF41FEC23AA26EA00E1E722 /* Build configuration list for PBXNativeTarget "BeatBoxUITests" */;
			buildPhases = (
				8EF41FD923AA26EA00E1E722 /* Sources */,
				8EF41FDA23AA26EA00E1E722 /* Frameworks */,
				8EF41FDB23AA26EA00E1E722 /* Resources */,
			);
			buildRules = (
			);
			dependencies = (
				8EF41FDF23AA26EA00E1E722 /* PBXTargetDependency */,
			);
			name = BeatBoxUITests;
			productName = BeatBoxUITests;
			productReference = 8EF41FDD23AA26EA00E1E722 /* BeatBoxUITests.xctest */;
			productType = "com.apple.product-type.bundle.ui-testing";
		};
/* End PBXNativeTarget section */

/* Begin PBXProject section */
		8EF41FB123AA26E700E1E722 /* Project object */ = {
			isa = PBXProject;
			attributes = {
				LastSwiftUpdateCheck = 1120;
				LastUpgradeCheck = 1120;
				ORGANIZATIONNAME = "Neil Sood";
				TargetAttributes = {
					8EF41FB823AA26E700E1E722 = {
						CreatedOnToolsVersion = 11.2.1;
					};
					8EF41FD123AA26EA00E1E722 = {
						CreatedOnToolsVersion = 11.2.1;
						TestTargetID = 8EF41FB823AA26E700E1E722;
					};
					8EF41FDC23AA26EA00E1E722 = {
						CreatedOnToolsVersion = 11.2.1;
						TestTargetID = 8EF41FB823AA26E700E1E722;
					};
				};
			};
			buildConfigurationList = 8EF41FB423AA26E700E1E722 /* Build configuration list for PBXProject "BeatBox" */;
			compatibilityVersion = "Xcode 9.3";
			developmentRegion = en;
			hasScannedForEncodings = 0;
			knownRegions = (
				en,
				Base,
			);
			mainGroup = 8EF41FB023AA26E700E1E722;
			productRefGroup = 8EF41FBA23AA26E700E1E722 /* Products */;
			projectDirPath = "";
			projectRoot = "";
			targets = (
				8EF41FB823AA26E700E1E722 /* BeatBox */,
				8EF41FD123AA26EA00E1E722 /* BeatBoxTests */,
				8EF41FDC23AA26EA00E1E722 /* BeatBoxUITests */,
			);
		};
/* End PBXProject section */

/* Begin PBXResourcesBuildPhase section */
		8EF41FB723AA26E700E1E722 /* Resources */ = {
			isa = PBXResourcesBuildPhase;
			buildActionMask = 2147483647;
			files = (
				8EF41FCC23AA26EA00E1E722 /* LaunchScreen.storyboard in Resources */,
				8EF41FC923AA26EA00E1E722 /* Assets.xcassets in Resources */,
				8EF41FC423AA26E700E1E722 /* Main.storyboard in Resources */,
			);
			runOnlyForDeploymentPostprocessing = 0;
		};
		8EF41FD023AA26EA00E1E722 /* Resources */ = {
			isa = PBXResourcesBuildPhase;
			buildActionMask = 2147483647;
			files = (
			);
			runOnlyForDeploymentPostprocessing = 0;
		};
		8EF41FDB23AA26EA00E1E722 /* Resources */ = {
			isa = PBXResourcesBuildPhase;
			buildActionMask = 2147483647;
			files = (
			);
			runOnlyForDeploymentPostprocessing = 0;
		};
/* End PBXResourcesBuildPhase section */

/* Begin PBXSourcesBuildPhase section */
		8EF41FB523AA26E700E1E722 /* Sources */ = {
			isa = PBXSourcesBuildPhase;
			buildActionMask = 2147483647;
			files = (
				8EF41FC123AA26E700E1E722 /* MainVC.swift in Sources */,
				8EF41FC723AA26E700E1E722 /* BeatBox.xcdatamodeld in Sources */,
				8EF41FBD23AA26E700E1E722 /* AppDelegate.swift in Sources */,
				8EF41FBF23AA26E700E1E722 /* SceneDelegate.swift in Sources */,
			);
			runOnlyForDeploymentPostprocessing = 0;
		};
		8EF41FCE23AA26EA00E1E722 /* Sources */ = {
			isa = PBXSourcesBuildPhase;
			buildActionMask = 2147483647;
			files = (
				8EF41FD723AA26EA00E1E722 /* BeatBoxTests.swift in Sources */,
			);
			runOnlyForDeploymentPostprocessing = 0;
		};
		8EF41FD923AA26EA00E1E722 /* Sources */ = {
			isa = PBXSourcesBuildPhase;
			buildActionMask = 2147483647;
			files = (
				8EF41FE223AA26EA00E1E722 /* BeatBoxUITests.swift in Sources */,
			);
			runOnlyForDeploymentPostprocessing = 0;
		};
/* End PBXSourcesBuildPhase section */

/* Begin PBXTargetDependency section */
		8EF41FD423AA26EA00E1E722 /* PBXTargetDependency */ = {
			isa = PBXTargetDependency;
			target = 8EF41FB823AA26E700E1E722 /* BeatBox */;
			targetProxy = 8EF41FD323AA26EA00E1E722 /* PBXContainerItemProxy */;
		};
		8EF41FDF23AA26EA00E1E722 /* PBXTargetDependency */ = {
			isa = PBXTargetDependency;
			target = 8EF41FB823AA26E700E1E722 /* BeatBox */;
			targetProxy = 8EF41FDE23AA26EA00E1E722 /* PBXContainerItemProxy */;
		};
/* End PBXTargetDependency section */

/* Begin PBXVariantGroup section */
		8EF41FC223AA26E700E1E722 /* Main.storyboard */ = {
			isa = PBXVariantGroup;
			children = (
				8EF41FC323AA26E700E1E722 /* Base */,
			);
			name = Main.storyboard;
			sourceTree = "<group>";
		};
		8EF41FCA23AA26EA00E1E722 /* LaunchScreen.storyboard */ = {
			isa = PBXVariantGroup;
			children = (
				8EF41FCB23AA26EA00E1E722 /* Base */,
			);
			name = LaunchScreen.storyboard;
			sourceTree = "<group>";
		};
/* End PBXVariantGroup section */

/* Begin XCBuildConfiguration section */
		8EF41FE423AA26EA00E1E722 /* Debug */ = {
			isa = XCBuildConfiguration;
			buildSettings = {
				ALWAYS_SEARCH_USER_PATHS = NO;
				CLANG_ANALYZER_NONNULL = YES;
				CLANG_ANALYZER_NUMBER_OBJECT_CONVERSION = YES_AGGRESSIVE;
				CLANG_CXX_LANGUAGE_STANDARD = "gnu++14";
				CLANG_CXX_LIBRARY = "libc++";
				CLANG_ENABLE_MODULES = YES;
				CLANG_ENABLE_OBJC_ARC = YES;
				CLANG_ENABLE_OBJC_WEAK = YES;
				CLANG_WARN_BLOCK_CAPTURE_AUTORELEASING = YES;
				CLANG_WARN_BOOL_CONVERSION = YES;
				CLANG_WARN_COMMA = YES;
				CLANG_WARN_CONSTANT_CONVERSION = YES;
				CLANG_WARN_DEPRECATED_OBJC_IMPLEMENTATIONS = YES;
				CLANG_WARN_DIRECT_OBJC_ISA_USAGE = YES_ERROR;
				CLANG_WARN_DOCUMENTATION_COMMENTS = YES;
				CLANG_WARN_EMPTY_BODY = YES;
				CLANG_WARN_ENUM_CONVERSION = YES;
				CLANG_WARN_INFINITE_RECURSION = YES;
				CLANG_WARN_INT_CONVERSION = YES;
				CLANG_WARN_NON_LITERAL_NULL_CONVERSION = YES;
				CLANG_WARN_OBJC_IMPLICIT_RETAIN_SELF = YES;
				CLANG_WARN_OBJC_LITERAL_CONVERSION = YES;
				CLANG_WARN_OBJC_ROOT_CLASS = YES_ERROR;
				CLANG_WARN_RANGE_LOOP_ANALYSIS = YES;
				CLANG_WARN_STRICT_PROTOTYPES = YES;
				CLANG_WARN_SUSPICIOUS_MOVE = YES;
				CLANG_WARN_UNGUARDED_AVAILABILITY = YES_AGGRESSIVE;
				CLANG_WARN_UNREACHABLE_CODE = YES;
				CLANG_WARN__DUPLICATE_METHOD_MATCH = YES;
				COPY_PHASE_STRIP = NO;
				DEBUG_INFORMATION_FORMAT = dwarf;
				ENABLE_STRICT_OBJC_MSGSEND = YES;
				ENABLE_TESTABILITY = YES;
				GCC_C_LANGUAGE_STANDARD = gnu11;
				GCC_DYNAMIC_NO_PIC = NO;
				GCC_NO_COMMON_BLOCKS = YES;
				GCC_OPTIMIZATION_LEVEL = 0;
				GCC_PREPROCESSOR_DEFINITIONS = (
					"DEBUG=1",
					"$(inherited)",
				);
				GCC_WARN_64_TO_32_BIT_CONVERSION = YES;
				GCC_WARN_ABOUT_RETURN_TYPE = YES_ERROR;
				GCC_WARN_UNDECLARED_SELECTOR = YES;
				GCC_WARN_UNINITIALIZED_AUTOS = YES_AGGRESSIVE;
				GCC_WARN_UNUSED_FUNCTION = YES;
				GCC_WARN_UNUSED_VARIABLE = YES;
				IPHONEOS_DEPLOYMENT_TARGET = 13.2;
				MTL_ENABLE_DEBUG_INFO = INCLUDE_SOURCE;
				MTL_FAST_MATH = YES;
				ONLY_ACTIVE_ARCH = YES;
				SDKROOT = iphoneos;
				SWIFT_ACTIVE_COMPILATION_CONDITIONS = DEBUG;
				SWIFT_OPTIMIZATION_LEVEL = "-Onone";
			};
			name = Debug;
		};
		8EF41FE523AA26EA00E1E722 /* Release */ = {
			isa = XCBuildConfiguration;
			buildSettings = {
				ALWAYS_SEARCH_USER_PATHS = NO;
				CLANG_ANALYZER_NONNULL = YES;
				CLANG_ANALYZER_NUMBER_OBJECT_CONVERSION = YES_AGGRESSIVE;
				CLANG_CXX_LANGUAGE_STANDARD = "gnu++14";
				CLANG_CXX_LIBRARY = "libc++";
				CLANG_ENABLE_MODULES = YES;
				CLANG_ENABLE_OBJC_ARC = YES;
				CLANG_ENABLE_OBJC_WEAK = YES;
				CLANG_WARN_BLOCK_CAPTURE_AUTORELEASING = YES;
				CLANG_WARN_BOOL_CONVERSION = YES;
				CLANG_WARN_COMMA = YES;
				CLANG_WARN_CONSTANT_CONVERSION = YES;
				CLANG_WARN_DEPRECATED_OBJC_IMPLEMENTATIONS = YES;
				CLANG_WARN_DIRECT_OBJC_ISA_USAGE = YES_ERROR;
				CLANG_WARN_DOCUMENTATION_COMMENTS = YES;
				CLANG_WARN_EMPTY_BODY = YES;
				CLANG_WARN_ENUM_CONVERSION = YES;
				CLANG_WARN_INFINITE_RECURSION = YES;
				CLANG_WARN_INT_CONVERSION = YES;
				CLANG_WARN_NON_LITERAL_NULL_CONVERSION = YES;
				CLANG_WARN_OBJC_IMPLICIT_RETAIN_SELF = YES;
				CLANG_WARN_OBJC_LITERAL_CONVERSION = YES;
				CLANG_WARN_OBJC_ROOT_CLASS = YES_ERROR;
				CLANG_WARN_RANGE_LOOP_ANALYSIS = YES;
				CLANG_WARN_STRICT_PROTOTYPES = YES;
				CLANG_WARN_SUSPICIOUS_MOVE = YES;
				CLANG_WARN_UNGUARDED_AVAILABILITY = YES_AGGRESSIVE;
				CLANG_WARN_UNREACHABLE_CODE = YES;
				CLANG_WARN__DUPLICATE_METHOD_MATCH = YES;
				COPY_PHASE_STRIP = NO;
				DEBUG_INFORMATION_FORMAT = "dwarf-with-dsym";
				ENABLE_NS_ASSERTIONS = NO;
				ENABLE_STRICT_OBJC_MSGSEND = YES;
				GCC_C_LANGUAGE_STANDARD = gnu11;
				GCC_NO_COMMON_BLOCKS = YES;
				GCC_WARN_64_TO_32_BIT_CONVERSION = YES;
				GCC_WARN_ABOUT_RETURN_TYPE = YES_ERROR;
				GCC_WARN_UNDECLARED_SELECTOR = YES;
				GCC_WARN_UNINITIALIZED_AUTOS = YES_AGGRESSIVE;
				GCC_WARN_UNUSED_FUNCTION = YES;
				GCC_WARN_UNUSED_VARIABLE = YES;
				IPHONEOS_DEPLOYMENT_TARGET = 13.2;
				MTL_ENABLE_DEBUG_INFO = NO;
				MTL_FAST_MATH = YES;
				SDKROOT = iphoneos;
				SWIFT_COMPILATION_MODE = wholemodule;
				SWIFT_OPTIMIZATION_LEVEL = "-O";
				VALIDATE_PRODUCT = YES;
			};
			name = Release;
		};
		8EF41FE723AA26EA00E1E722 /* Debug */ = {
			isa = XCBuildConfiguration;
			buildSettings = {
				ASSETCATALOG_COMPILER_APPICON_NAME = AppIcon;
				CODE_SIGN_STYLE = Automatic;
				DEVELOPMENT_TEAM = 2K52R4S4JZ;
				INFOPLIST_FILE = BeatBox/Info.plist;
				LD_RUNPATH_SEARCH_PATHS = (
					"$(inherited)",
					"@executable_path/Frameworks",
				);
				PRODUCT_BUNDLE_IDENTIFIER = com.neilsood.BeatBox;
				PRODUCT_NAME = "$(TARGET_NAME)";
				SWIFT_VERSION = 5.0;
				TARGETED_DEVICE_FAMILY = "1,2";
			};
			name = Debug;
		};
		8EF41FE823AA26EA00E1E722 /* Release */ = {
			isa = XCBuildConfiguration;
			buildSettings = {
				ASSETCATALOG_COMPILER_APPICON_NAME = AppIcon;
				CODE_SIGN_STYLE = Automatic;
				DEVELOPMENT_TEAM = 2K52R4S4JZ;
				INFOPLIST_FILE = BeatBox/Info.plist;
				LD_RUNPATH_SEARCH_PATHS = (
					"$(inherited)",
					"@executable_path/Frameworks",
				);
				PRODUCT_BUNDLE_IDENTIFIER = com.neilsood.BeatBox;
				PRODUCT_NAME = "$(TARGET_NAME)";
				SWIFT_VERSION = 5.0;
				TARGETED_DEVICE_FAMILY = "1,2";
			};
			name = Release;
		};
		8EF41FEA23AA26EA00E1E722 /* Debug */ = {
			isa = XCBuildConfiguration;
			buildSettings = {
				ALWAYS_EMBED_SWIFT_STANDARD_LIBRARIES = YES;
				BUNDLE_LOADER = "$(TEST_HOST)";
				CODE_SIGN_STYLE = Automatic;
				DEVELOPMENT_TEAM = 2K52R4S4JZ;
				INFOPLIST_FILE = BeatBoxTests/Info.plist;
				IPHONEOS_DEPLOYMENT_TARGET = 13.2;
				LD_RUNPATH_SEARCH_PATHS = (
					"$(inherited)",
					"@executable_path/Frameworks",
					"@loader_path/Frameworks",
				);
				PRODUCT_BUNDLE_IDENTIFIER = com.neilsood.BeatBoxTests;
				PRODUCT_NAME = "$(TARGET_NAME)";
				SWIFT_VERSION = 5.0;
				TARGETED_DEVICE_FAMILY = "1,2";
				TEST_HOST = "$(BUILT_PRODUCTS_DIR)/BeatBox.app/BeatBox";
			};
			name = Debug;
		};
		8EF41FEB23AA26EA00E1E722 /* Release */ = {
			isa = XCBuildConfiguration;
			buildSettings = {
				ALWAYS_EMBED_SWIFT_STANDARD_LIBRARIES = YES;
				BUNDLE_LOADER = "$(TEST_HOST)";
				CODE_SIGN_STYLE = Automatic;
				DEVELOPMENT_TEAM = 2K52R4S4JZ;
				INFOPLIST_FILE = BeatBoxTests/Info.plist;
				IPHONEOS_DEPLOYMENT_TARGET = 13.2;
				LD_RUNPATH_SEARCH_PATHS = (
					"$(inherited)",
					"@executable_path/Frameworks",
					"@loader_path/Frameworks",
				);
				PRODUCT_BUNDLE_IDENTIFIER = com.neilsood.BeatBoxTests;
				PRODUCT_NAME = "$(TARGET_NAME)";
				SWIFT_VERSION = 5.0;
				TARGETED_DEVICE_FAMILY = "1,2";
				TEST_HOST = "$(BUILT_PRODUCTS_DIR)/BeatBox.app/BeatBox";
			};
			name = Release;
		};
		8EF41FED23AA26EA00E1E722 /* Debug */ = {
			isa = XCBuildConfiguration;
			buildSettings = {
				ALWAYS_EMBED_SWIFT_STANDARD_LIBRARIES = YES;
				CODE_SIGN_STYLE = Automatic;
				DEVELOPMENT_TEAM = 2K52R4S4JZ;
				INFOPLIST_FILE = BeatBoxUITests/Info.plist;
				LD_RUNPATH_SEARCH_PATHS = (
					"$(inherited)",
					"@executable_path/Frameworks",
					"@loader_path/Frameworks",
				);
				PRODUCT_BUNDLE_IDENTIFIER = com.neilsood.BeatBoxUITests;
				PRODUCT_NAME = "$(TARGET_NAME)";
				SWIFT_VERSION = 5.0;
				TARGETED_DEVICE_FAMILY = "1,2";
				TEST_TARGET_NAME = BeatBox;
			};
			name = Debug;
		};
		8EF41FEE23AA26EA00E1E722 /* Release */ = {
			isa = XCBuildConfiguration;
			buildSettings = {
				ALWAYS_EMBED_SWIFT_STANDARD_LIBRARIES = YES;
				CODE_SIGN_STYLE = Automatic;
				DEVELOPMENT_TEAM = 2K52R4S4JZ;
				INFOPLIST_FILE = BeatBoxUITests/Info.plist;
				LD_RUNPATH_SEARCH_PATHS = (
					"$(inherited)",
					"@executable_path/Frameworks",
					"@loader_path/Frameworks",
				);
				PRODUCT_BUNDLE_IDENTIFIER = com.neilsood.BeatBoxUITests;
				PRODUCT_NAME = "$(TARGET_NAME)";
				SWIFT_VERSION = 5.0;
				TARGETED_DEVICE_FAMILY = "1,2";
				TEST_TARGET_NAME = BeatBox;
			};
			name = Release;
		};
/* End XCBuildConfiguration section */

/* Begin XCConfigurationList section */
		8EF41FB423AA26E700E1E722 /* Build configuration list for PBXProject "BeatBox" */ = {
			isa = XCConfigurationList;
			buildConfigurations = (
				8EF41FE423AA26EA00E1E722 /* Debug */,
				8EF41FE523AA26EA00E1E722 /* Release */,
			);
			defaultConfigurationIsVisible = 0;
			defaultConfigurationName = Release;
		};
		8EF41FE623AA26EA00E1E722 /* Build configuration list for PBXNativeTarget "BeatBox" */ = {
			isa = XCConfigurationList;
			buildConfigurations = (
				8EF41FE723AA26EA00E1E722 /* Debug */,
				8EF41FE823AA26EA00E1E722 /* Release */,
			);
			defaultConfigurationIsVisible = 0;
			defaultConfigurationName = Release;
		};
		8EF41FE923AA26EA00E1E722 /* Build configuration list for PBXNativeTarget "BeatBoxTests" */ = {
			isa = XCConfigurationList;
			buildConfigurations = (
				8EF41FEA23AA26EA00E1E722 /* Debug */,
				8EF41FEB23AA26EA00E1E722 /* Release */,
			);
			defaultConfigurationIsVisible = 0;
			defaultConfigurationName = Release;
		};
		8EF41FEC23AA26EA00E1E722 /* Build configuration list for PBXNativeTarget "BeatBoxUITests" */ = {
			isa = XCConfigurationList;
			buildConfigurations = (
				8EF41FED23AA26EA00E1E722 /* Debug */,
				8EF41FEE23AA26EA00E1E722 /* Release */,
			);
			defaultConfigurationIsVisible = 0;
			defaultConfigurationName = Release;
		};
/* End XCConfigurationList section */

/* Begin XCVersionGroup section */
		8EF41FC523AA26E700E1E722 /* BeatBox.xcdatamodeld */ = {
			isa = XCVersionGroup;
			children = (
				8EF41FC623AA26E700E1E722 /* BeatBox.xcdatamodel */,
			);
			currentVersion = 8EF41FC623AA26E700E1E722 /* BeatBox.xcdatamodel */;
			path = BeatBox.xcdatamodeld;
			sourceTree = "<group>";
			versionGroupType = wrapper.xcdatamodel;
		};
/* End XCVersionGroup section */
	};
	rootObject = 8EF41FB123AA26E700E1E722 /* Project object */;
}
